{
  "name": "introducing-mountebank",
  "version": "0.1.0",
  "lockfileVersion": 1,
  "requires": true,
  "dependencies": {
    "talk-o-vision": {
      "version": "github:thirstyhead/talk-o-vision#04655d35ed3c3d3ba9d42f44d2d8a2bc5be05fa2",
      "from": "github:thirstyhead/talk-o-vision",
      "dev": true
    }
  }
}
